
Microsoft Visual Studio Solution File, Format Version 12.00
# Visual Studio Version 17
VisualStudioVersion = 17.3.32825.248
MinimumVisualStudioVersion = 10.0.40219.1
Project("{FAE04EC0-301F-11D3-BF4B-00C04F79EFBC}") = "Entity-Framework-Playground", "Entity-Framework-Playground.csproj", "{960B4AA5-817A-44F6-A0C3-601BA5D62707}"
EndProject
Global
	GlobalSection(SolutionConfigurationPlatforms) = preSolution
		Debug|Any CPU = Debug|Any CPU
		Release|Any CPU = Release|Any CPU
	EndGlobalSection
	GlobalSection(ProjectConfigurationPlatforms) = postSolution
		{960B4AA5-817A-44F6-A0C3-601BA5D62707}.Debug|Any CPU.ActiveCfg = Debug|Any CPU
		{960B4AA5-817A-44F6-A0C3-601BA5D62707}.Debug|Any CPU.Build.0 = Debug|Any CPU
		{960B4AA5-817A-44F6-A0C3-601BA5D62707}.Release|Any CPU.ActiveCfg = Release|Any CPU
		{960B4AA5-817A-44F6-A0C3-601BA5D62707}.Release|Any CPU.Build.0 = Release|Any CPU
	EndGlobalSection
	GlobalSection(SolutionProperties) = preSolution
		HideSolutionNode = FALSE
	EndGlobalSection
	GlobalSection(ExtensibilityGlobals) = postSolution
		SolutionGuid = {85E0C17A-8A3E-4D18-9FB9-B20DEBC3D1F4}
	EndGlobalSection
EndGlobal
